
Microsoft Visual Studio Solution File, Format Version 12.00
# Visual Studio Version 16
VisualStudioVersion = 16.0.30406.217
MinimumVisualStudioVersion = 10.0.40219.1
Project("{FAE04EC0-301F-11D3-BF4B-00C04F79EFBC}") = "TxtCounterStream", "TxtCounterStream\TxtCounterStream.csproj", "{FA24E82F-6597-4AF7-9741-4F07F0E146D1}"
EndProject
Global
	GlobalSection(SolutionConfigurationPlatforms) = preSolution
		Debug|Any CPU = Debug|Any CPU
		Release|Any CPU = Release|Any CPU
	EndGlobalSection
	GlobalSection(ProjectConfigurationPlatforms) = postSolution
		{FA24E82F-6597-4AF7-9741-4F07F0E146D1}.Debug|Any CPU.ActiveCfg = Debug|Any CPU
		{FA24E82F-6597-4AF7-9741-4F07F0E146D1}.Debug|Any CPU.Build.0 = Debug|Any CPU
		{FA24E82F-6597-4AF7-9741-4F07F0E146D1}.Release|Any CPU.ActiveCfg = Release|Any CPU
		{FA24E82F-6597-4AF7-9741-4F07F0E146D1}.Release|Any CPU.Build.0 = Release|Any CPU
	EndGlobalSection
	GlobalSection(SolutionProperties) = preSolution
		HideSolutionNode = FALSE
	EndGlobalSection
	GlobalSection(ExtensibilityGlobals) = postSolution
		SolutionGuid = {02DE69B6-B588-4DE5-9894-9244B2C2F40F}
	EndGlobalSection
EndGlobal
